
Microsoft Visual Studio Solution File, Format Version 12.00
# Visual Studio 15
VisualStudioVersion = 15.0.28307.1169
MinimumVisualStudioVersion = 10.0.40219.1
Project("{FAE04EC0-301F-11D3-BF4B-00C04F79EFBC}") = "OpenJudgeCN", "OpenJudgeCN\OpenJudgeCN.csproj", "{ECE060FB-1EBA-4624-9282-A70296BDE0DC}"
EndProject
Project("{FAE04EC0-301F-11D3-BF4B-00C04F79EFBC}") = "OpenJudgeCN.Algorithm", "OpenJudgeCN.Algorithm\OpenJudgeCN.Algorithm.csproj", "{352716C2-730E-4788-918A-958470E7C94A}"
EndProject
Global
	GlobalSection(SolutionConfigurationPlatforms) = preSolution
		Debug|Any CPU = Debug|Any CPU
		Release|Any CPU = Release|Any CPU
	EndGlobalSection
	GlobalSection(ProjectConfigurationPlatforms) = postSolution
		{ECE060FB-1EBA-4624-9282-A70296BDE0DC}.Debug|Any CPU.ActiveCfg = Debug|Any CPU
		{ECE060FB-1EBA-4624-9282-A70296BDE0DC}.Debug|Any CPU.Build.0 = Debug|Any CPU
		{ECE060FB-1EBA-4624-9282-A70296BDE0DC}.Release|Any CPU.ActiveCfg = Release|Any CPU
		{ECE060FB-1EBA-4624-9282-A70296BDE0DC}.Release|Any CPU.Build.0 = Release|Any CPU
		{352716C2-730E-4788-918A-958470E7C94A}.Debug|Any CPU.ActiveCfg = Debug|Any CPU
		{352716C2-730E-4788-918A-958470E7C94A}.Debug|Any CPU.Build.0 = Debug|Any CPU
		{352716C2-730E-4788-918A-958470E7C94A}.Release|Any CPU.ActiveCfg = Release|Any CPU
		{352716C2-730E-4788-918A-958470E7C94A}.Release|Any CPU.Build.0 = Release|Any CPU
	EndGlobalSection
	GlobalSection(SolutionProperties) = preSolution
		HideSolutionNode = FALSE
	EndGlobalSection
	GlobalSection(ExtensibilityGlobals) = postSolution
		SolutionGuid = {F79E6E48-DABC-4018-8188-F5C41313A26B}
	EndGlobalSection
EndGlobal
